
Microsoft Visual Studio Solution File, Format Version 12.00
# Visual Studio Version 17
VisualStudioVersion = 17.8.34408.163
MinimumVisualStudioVersion = 10.0.40219.1
Project("{9A19103F-16F7-4668-BE54-9A1E7A4F7556}") = "Flashcards.ConsoleApp", "Flash\Flashcards.ConsoleApp.csproj", "{66548CD0-962B-4911-9CEB-CBB41D7EFA84}"
EndProject
Project("{FAE04EC0-301F-11D3-BF4B-00C04F79EFBC}") = "Flashcards", "Flashcards\Flashcards.csproj", "{BE4A18C8-7C6E-4C32-BD7E-FC5FA70AC5D4}"
EndProject
Project("{FAE04EC0-301F-11D3-BF4B-00C04F79EFBC}") = "Flashcards.Data", "Flashcards.Data\Flashcards.Data.csproj", "{A8F6833C-E0CB-45AF-A6B2-1BB7DC78AC51}"
EndProject
Project("{00D1A9C2-B5F0-4AF3-8072-F6C62B433612}") = "Flashcards.Database", "Flashcards.Database\Flashcards.Database.sqlproj", "{E2076C35-0DE2-48A6-BCEB-C56D688CBF9A}"
EndProject
Global
	GlobalSection(SolutionConfigurationPlatforms) = preSolution
		Debug|Any CPU = Debug|Any CPU
		Release|Any CPU = Release|Any CPU
	EndGlobalSection
	GlobalSection(ProjectConfigurationPlatforms) = postSolution
		{66548CD0-962B-4911-9CEB-CBB41D7EFA84}.Debug|Any CPU.ActiveCfg = Debug|Any CPU
		{66548CD0-962B-4911-9CEB-CBB41D7EFA84}.Debug|Any CPU.Build.0 = Debug|Any CPU
		{66548CD0-962B-4911-9CEB-CBB41D7EFA84}.Release|Any CPU.ActiveCfg = Release|Any CPU
		{66548CD0-962B-4911-9CEB-CBB41D7EFA84}.Release|Any CPU.Build.0 = Release|Any CPU
		{BE4A18C8-7C6E-4C32-BD7E-FC5FA70AC5D4}.Debug|Any CPU.ActiveCfg = Debug|Any CPU
		{BE4A18C8-7C6E-4C32-BD7E-FC5FA70AC5D4}.Debug|Any CPU.Build.0 = Debug|Any CPU
		{BE4A18C8-7C6E-4C32-BD7E-FC5FA70AC5D4}.Release|Any CPU.ActiveCfg = Release|Any CPU
		{BE4A18C8-7C6E-4C32-BD7E-FC5FA70AC5D4}.Release|Any CPU.Build.0 = Release|Any CPU
		{A8F6833C-E0CB-45AF-A6B2-1BB7DC78AC51}.Debug|Any CPU.ActiveCfg = Debug|Any CPU
		{A8F6833C-E0CB-45AF-A6B2-1BB7DC78AC51}.Debug|Any CPU.Build.0 = Debug|Any CPU
		{A8F6833C-E0CB-45AF-A6B2-1BB7DC78AC51}.Release|Any CPU.ActiveCfg = Release|Any CPU
		{A8F6833C-E0CB-45AF-A6B2-1BB7DC78AC51}.Release|Any CPU.Build.0 = Release|Any CPU
		{E2076C35-0DE2-48A6-BCEB-C56D688CBF9A}.Debug|Any CPU.ActiveCfg = Debug|Any CPU
		{E2076C35-0DE2-48A6-BCEB-C56D688CBF9A}.Debug|Any CPU.Build.0 = Debug|Any CPU
		{E2076C35-0DE2-48A6-BCEB-C56D688CBF9A}.Debug|Any CPU.Deploy.0 = Debug|Any CPU
		{E2076C35-0DE2-48A6-BCEB-C56D688CBF9A}.Release|Any CPU.ActiveCfg = Release|Any CPU
		{E2076C35-0DE2-48A6-BCEB-C56D688CBF9A}.Release|Any CPU.Build.0 = Release|Any CPU
		{E2076C35-0DE2-48A6-BCEB-C56D688CBF9A}.Release|Any CPU.Deploy.0 = Release|Any CPU
	EndGlobalSection
	GlobalSection(SolutionProperties) = preSolution
		HideSolutionNode = FALSE
	EndGlobalSection
	GlobalSection(ExtensibilityGlobals) = postSolution
		SolutionGuid = {2395C125-A1CF-4B85-8555-FC91D9DF2FCF}
	EndGlobalSection
EndGlobal
